// !$*UTF8*$!
{
	archiveVersion = 1;
	classes = {
	};
	objectVersion = 46;
	objects = {

/* Begin PBXBuildFile section */
		FA10A3F21A40AC3200D4DF11 /* QuizViewController.swift in Sources */ = {isa = PBXBuildFile; fileRef = FA10A3F01A40AC3200D4DF11 /* QuizViewController.swift */; };
		FA10A3F31A40AC3200D4DF11 /* QuizViewController.xib in Resources */ = {isa = PBXBuildFile; fileRef = FA10A3F11A40AC3200D4DF11 /* QuizViewController.xib */; };
		FA7ED39F1A3F914D005D8A05 /* MiniMapView.swift in Sources */ = {isa = PBXBuildFile; fileRef = FA7ED39E1A3F914D005D8A05 /* MiniMapView.swift */; };
		FA7ED3A11A3FA1F1005D8A05 /* HypnosisViewController.swift in Sources */ = {isa = PBXBuildFile; fileRef = FA7ED3A01A3FA1F1005D8A05 /* HypnosisViewController.swift */; };
		FAEA13EF1A3F29D600772C70 /* AppDelegate.swift in Sources */ = {isa = PBXBuildFile; fileRef = FAEA13EE1A3F29D600772C70 /* AppDelegate.swift */; };
		FAEA13F61A3F29D600772C70 /* Images.xcassets in Resources */ = {isa = PBXBuildFile; fileRef = FAEA13F51A3F29D600772C70 /* Images.xcassets */; };
		FAEA13F91A3F29D600772C70 /* LaunchScreen.xib in Resources */ = {isa = PBXBuildFile; fileRef = FAEA13F71A3F29D600772C70 /* LaunchScreen.xib */; };
		FAEA14051A3F29D600772C70 /* QuizTests.swift in Sources */ = {isa = PBXBuildFile; fileRef = FAEA14041A3F29D600772C70 /* QuizTests.swift */; };
		FAF4E1721A3F605000697D46 /* HypnosisView.swift in Sources */ = {isa = PBXBuildFile; fileRef = FAF4E1711A3F605000697D46 /* HypnosisView.swift */; };
		FAF665351A3FE1900068AC31 /* ReminderViewController.swift in Sources */ = {isa = PBXBuildFile; fileRef = FAF665341A3FE1900068AC31 /* ReminderViewController.swift */; };
		FAF665391A3FE2A00068AC31 /* ReminderViewController.xib in Resources */ = {isa = PBXBuildFile; fileRef = FAF665381A3FE2A00068AC31 /* ReminderViewController.xib */; };
/* End PBXBuildFile section */

/* Begin PBXContainerItemProxy section */
		FAEA13FF1A3F29D600772C70 /* PBXContainerItemProxy */ = {
			isa = PBXContainerItemProxy;
			containerPortal = FAEA13E11A3F29D600772C70 /* Project object */;
			proxyType = 1;
			remoteGlobalIDString = FAEA13E81A3F29D600772C70;
			remoteInfo = Quiz;
		};
/* End PBXContainerItemProxy section */

/* Begin PBXFileReference section */
		FA10A3F01A40AC3200D4DF11 /* QuizViewController.swift */ = {isa = PBXFileReference; fileEncoding = 4; lastKnownFileType = sourcecode.swift; path = QuizViewController.swift; sourceTree = "<group>"; };
		FA10A3F11A40AC3200D4DF11 /* QuizViewController.xib */ = {isa = PBXFileReference; fileEncoding = 4; lastKnownFileType = file.xib; path = QuizViewController.xib; sourceTree = "<group>"; };
		FA7ED39E1A3F914D005D8A05 /* MiniMapView.swift */ = {isa = PBXFileReference; fileEncoding = 4; lastKnownFileType = sourcecode.swift; path = MiniMapView.swift; sourceTree = "<group>"; };
		FA7ED3A01A3FA1F1005D8A05 /* HypnosisViewController.swift */ = {isa = PBXFileReference; fileEncoding = 4; lastKnownFileType = sourcecode.swift; path = HypnosisViewController.swift; sourceTree = "<group>"; };
		FAEA13E91A3F29D600772C70 /* Quiz.app */ = {isa = PBXFileReference; explicitFileType = wrapper.application; includeInIndex = 0; path = Quiz.app; sourceTree = BUILT_PRODUCTS_DIR; };
		FAEA13ED1A3F29D600772C70 /* Info.plist */ = {isa = PBXFileReference; lastKnownFileType = text.plist.xml; path = Info.plist; sourceTree = "<group>"; };
		FAEA13EE1A3F29D600772C70 /* AppDelegate.swift */ = {isa = PBXFileReference; lastKnownFileType = sourcecode.swift; path = AppDelegate.swift; sourceTree = "<group>"; };
		FAEA13F51A3F29D600772C70 /* Images.xcassets */ = {isa = PBXFileReference; lastKnownFileType = folder.assetcatalog; path = Images.xcassets; sourceTree = "<group>"; };
		FAEA13F81A3F29D600772C70 /* Base */ = {isa = PBXFileReference; lastKnownFileType = file.xib; name = Base; path = Base.lproj/LaunchScreen.xib; sourceTree = "<group>"; };
		FAEA13FE1A3F29D600772C70 /* QuizTests.xctest */ = {isa = PBXFileReference; explicitFileType = wrapper.cfbundle; includeInIndex = 0; path = QuizTests.xctest; sourceTree = BUILT_PRODUCTS_DIR; };
		FAEA14031A3F29D600772C70 /* Info.plist */ = {isa = PBXFileReference; lastKnownFileType = text.plist.xml; path = Info.plist; sourceTree = "<group>"; };
		FAEA14041A3F29D600772C70 /* QuizTests.swift */ = {isa = PBXFileReference; lastKnownFileType = sourcecode.swift; path = QuizTests.swift; sourceTree = "<group>"; };
		FAF4E1711A3F605000697D46 /* HypnosisView.swift */ = {isa = PBXFileReference; fileEncoding = 4; lastKnownFileType = sourcecode.swift; path = HypnosisView.swift; sourceTree = "<group>"; };
		FAF665341A3FE1900068AC31 /* ReminderViewController.swift */ = {isa = PBXFileReference; fileEncoding = 4; lastKnownFileType = sourcecode.swift; path = ReminderViewController.swift; sourceTree = "<group>"; };
		FAF665381A3FE2A00068AC31 /* ReminderViewController.xib */ = {isa = PBXFileReference; fileEncoding = 4; lastKnownFileType = file.xib; name = ReminderViewController.xib; path = ../ReminderViewController.xib; sourceTree = "<group>"; };
/* End PBXFileReference section */

/* Begin PBXFrameworksBuildPhase section */
		FAEA13E61A3F29D600772C70 /* Frameworks */ = {
			isa = PBXFrameworksBuildPhase;
			buildActionMask = 2147483647;
			files = (
			);
			runOnlyForDeploymentPostprocessing = 0;
		};
		FAEA13FB1A3F29D600772C70 /* Frameworks */ = {
			isa = PBXFrameworksBuildPhase;
			buildActionMask = 2147483647;
			files = (
			);
			runOnlyForDeploymentPostprocessing = 0;
		};
/* End PBXFrameworksBuildPhase section */

/* Begin PBXGroup section */
		FAEA13E01A3F29D600772C70 = {
			isa = PBXGroup;
			children = (
				FA10A3F01A40AC3200D4DF11 /* QuizViewController.swift */,
				FA10A3F11A40AC3200D4DF11 /* QuizViewController.xib */,
				FAEA13EB1A3F29D600772C70 /* Quiz */,
				FAEA14011A3F29D600772C70 /* QuizTests */,
				FAEA13EA1A3F29D600772C70 /* Products */,
			);
			sourceTree = "<group>";
		};
		FAEA13EA1A3F29D600772C70 /* Products */ = {
			isa = PBXGroup;
			children = (
				FAEA13E91A3F29D600772C70 /* Quiz.app */,
				FAEA13FE1A3F29D600772C70 /* QuizTests.xctest */,
			);
			name = Products;
			sourceTree = "<group>";
		};
		FAEA13EB1A3F29D600772C70 /* Quiz */ = {
			isa = PBXGroup;
			children = (
				FAEA13EE1A3F29D600772C70 /* AppDelegate.swift */,
				FAF665381A3FE2A00068AC31 /* ReminderViewController.xib */,
				FAF665341A3FE1900068AC31 /* ReminderViewController.swift */,
				FA7ED39E1A3F914D005D8A05 /* MiniMapView.swift */,
				FAF4E1711A3F605000697D46 /* HypnosisView.swift */,
				FA7ED3A01A3FA1F1005D8A05 /* HypnosisViewController.swift */,
				FAEA13F51A3F29D600772C70 /* Images.xcassets */,
				FAEA13F71A3F29D600772C70 /* LaunchScreen.xib */,
				FAEA13EC1A3F29D600772C70 /* Supporting Files */,
			);
			path = Quiz;
			sourceTree = "<group>";
		};
		FAEA13EC1A3F29D600772C70 /* Supporting Files */ = {
			isa = PBXGroup;
			children = (
				FAEA13ED1A3F29D600772C70 /* Info.plist */,
			);
			name = "Supporting Files";
			sourceTree = "<group>";
		};
		FAEA14011A3F29D600772C70 /* QuizTests */ = {
			isa = PBXGroup;
			children = (
				FAEA14041A3F29D600772C70 /* QuizTests.swift */,
				FAEA14021A3F29D600772C70 /* Supporting Files */,
			);
			path = QuizTests;
			sourceTree = "<group>";
		};
		FAEA14021A3F29D600772C70 /* Supporting Files */ = {
			isa = PBXGroup;
			children = (
				FAEA14031A3F29D600772C70 /* Info.plist */,
			);
			name = "Supporting Files";
			sourceTree = "<group>";
		};
/* End PBXGroup section */

/* Begin PBXNativeTarget section */
		FAEA13E81A3F29D600772C70 /* Quiz */ = {
			isa = PBXNativeTarget;
			buildConfigurationList = FAEA14081A3F29D600772C70 /* Build configuration list for PBXNativeTarget "Quiz" */;
			buildPhases = (
				FAEA13E51A3F29D600772C70 /* Sources */,
				FAEA13E61A3F29D600772C70 /* Frameworks */,
				FAEA13E71A3F29D600772C70 /* Resources */,
			);
			buildRules = (
			);
			dependencies = (
			);
			name = Quiz;
			productName = Quiz;
			productReference = FAEA13E91A3F29D600772C70 /* Quiz.app */;
			productType = "com.apple.product-type.application";
		};
		FAEA13FD1A3F29D600772C70 /* QuizTests */ = {
			isa = PBXNativeTarget;
			buildConfigurationList = FAEA140B1A3F29D600772C70 /* Build configuration list for PBXNativeTarget "QuizTests" */;
			buildPhases = (
				FAEA13FA1A3F29D600772C70 /* Sources */,
				FAEA13FB1A3F29D600772C70 /* Frameworks */,
				FAEA13FC1A3F29D600772C70 /* Resources */,
			);
			buildRules = (
			);
			dependencies = (
				FAEA14001A3F29D600772C70 /* PBXTargetDependency */,
			);
			name = QuizTests;
			productName = QuizTests;
			productReference = FAEA13FE1A3F29D600772C70 /* QuizTests.xctest */;
			productType = "com.apple.product-type.bundle.unit-test";
		};
/* End PBXNativeTarget section */

/* Begin PBXProject section */
		FAEA13E11A3F29D600772C70 /* Project object */ = {
			isa = PBXProject;
			attributes = {
				LastUpgradeCheck = 0610;
				ORGANIZATIONNAME = "Alex Flores";
				TargetAttributes = {
					FAEA13E81A3F29D600772C70 = {
						CreatedOnToolsVersion = 6.1.1;
						DevelopmentTeam = L598LR8UA6;
					};
					FAEA13FD1A3F29D600772C70 = {
						CreatedOnToolsVersion = 6.1.1;
						TestTargetID = FAEA13E81A3F29D600772C70;
					};
				};
			};
			buildConfigurationList = FAEA13E41A3F29D600772C70 /* Build configuration list for PBXProject "Quiz" */;
			compatibilityVersion = "Xcode 3.2";
			developmentRegion = English;
			hasScannedForEncodings = 0;
			knownRegions = (
				en,
				Base,
			);
			mainGroup = FAEA13E01A3F29D600772C70;
			productRefGroup = FAEA13EA1A3F29D600772C70 /* Products */;
			projectDirPath = "";
			projectRoot = "";
			targets = (
				FAEA13E81A3F29D600772C70 /* Quiz */,
				FAEA13FD1A3F29D600772C70 /* QuizTests */,
			);
		};
/* End PBXProject section */

/* Begin PBXResourcesBuildPhase section */
		FAEA13E71A3F29D600772C70 /* Resources */ = {
			isa = PBXResourcesBuildPhase;
			buildActionMask = 2147483647;
			files = (
				FAF665391A3FE2A00068AC31 /* ReminderViewController.xib in Resources */,
				FAEA13F91A3F29D600772C70 /* LaunchScreen.xib in Resources */,
				FAEA13F61A3F29D600772C70 /* Images.xcassets in Resources */,
				FA10A3F31A40AC3200D4DF11 /* QuizViewController.xib in Resources */,
			);
			runOnlyForDeploymentPostprocessing = 0;
		};
		FAEA13FC1A3F29D600772C70 /* Resources */ = {
			isa = PBXResourcesBuildPhase;
			buildActionMask = 2147483647;
			files = (
			);
			runOnlyForDeploymentPostprocessing = 0;
		};
/* End PBXResourcesBuildPhase section */

/* Begin PBXSourcesBuildPhase section */
		FAEA13E51A3F29D600772C70 /* Sources */ = {
			isa = PBXSourcesBuildPhase;
			buildActionMask = 2147483647;
			files = (
				FA7ED3A11A3FA1F1005D8A05 /* HypnosisViewController.swift in Sources */,
				FAF665351A3FE1900068AC31 /* ReminderViewController.swift in Sources */,
				FAF4E1721A3F605000697D46 /* HypnosisView.swift in Sources */,
				FA10A3F21A40AC3200D4DF11 /* QuizViewController.swift in Sources */,
				FA7ED39F1A3F914D005D8A05 /* MiniMapView.swift in Sources */,
				FAEA13EF1A3F29D600772C70 /* AppDelegate.swift in Sources */,
			);
			runOnlyForDeploymentPostprocessing = 0;
		};
		FAEA13FA1A3F29D600772C70 /* Sources */ = {
			isa = PBXSourcesBuildPhase;
			buildActionMask = 2147483647;
			files = (
				FAEA14051A3F29D600772C70 /* QuizTests.swift in Sources */,
			);
			runOnlyForDeploymentPostprocessing = 0;
		};
/* End PBXSourcesBuildPhase section */

/* Begin PBXTargetDependency section */
		FAEA14001A3F29D600772C70 /* PBXTargetDependency */ = {
			isa = PBXTargetDependency;
			target = FAEA13E81A3F29D600772C70 /* Quiz */;
			targetProxy = FAEA13FF1A3F29D600772C70 /* PBXContainerItemProxy */;
		};
/* End PBXTargetDependency section */

/* Begin PBXVariantGroup section */
		FAEA13F71A3F29D600772C70 /* LaunchScreen.xib */ = {
			isa = PBXVariantGroup;
			children = (
				FAEA13F81A3F29D600772C70 /* Base */,
			);
			name = LaunchScreen.xib;
			sourceTree = "<group>";
		};
/* End PBXVariantGroup section */

/* Begin XCBuildConfiguration section */
		FAEA14061A3F29D600772C70 /* Debug */ = {
			isa = XCBuildConfiguration;
			buildSettings = {
				ALWAYS_SEARCH_USER_PATHS = NO;
				CLANG_CXX_LANGUAGE_STANDARD = "gnu++0x";
				CLANG_CXX_LIBRARY = "libc++";
				CLANG_ENABLE_MODULES = YES;
				CLANG_ENABLE_OBJC_ARC = YES;
				CLANG_WARN_BOOL_CONVERSION = YES;
				CLANG_WARN_CONSTANT_CONVERSION = YES;
				CLANG_WARN_DIRECT_OBJC_ISA_USAGE = YES_ERROR;
				CLANG_WARN_EMPTY_BODY = YES;
				CLANG_WARN_ENUM_CONVERSION = YES;
				CLANG_WARN_INT_CONVERSION = YES;
				CLANG_WARN_OBJC_ROOT_CLASS = YES_ERROR;
				CLANG_WARN_UNREACHABLE_CODE = YES;
				CLANG_WARN__DUPLICATE_METHOD_MATCH = YES;
				"CODE_SIGN_IDENTITY[sdk=iphoneos*]" = "iPhone Developer";
				COPY_PHASE_STRIP = NO;
				ENABLE_STRICT_OBJC_MSGSEND = YES;
				GCC_C_LANGUAGE_STANDARD = gnu99;
				GCC_DYNAMIC_NO_PIC = NO;
				GCC_OPTIMIZATION_LEVEL = 0;
				GCC_PREPROCESSOR_DEFINITIONS = (
					"DEBUG=1",
					"$(inherited)",
				);
				GCC_SYMBOLS_PRIVATE_EXTERN = NO;
				GCC_WARN_64_TO_32_BIT_CONVERSION = YES;
				GCC_WARN_ABOUT_RETURN_TYPE = YES_ERROR;
				GCC_WARN_UNDECLARED_SELECTOR = YES;
				GCC_WARN_UNINITIALIZED_AUTOS = YES_AGGRESSIVE;
				GCC_WARN_UNUSED_FUNCTION = YES;
				GCC_WARN_UNUSED_VARIABLE = YES;
				IPHONEOS_DEPLOYMENT_TARGET = 8.1;
				MTL_ENABLE_DEBUG_INFO = YES;
				ONLY_ACTIVE_ARCH = YES;
				SDKROOT = iphoneos;
				SWIFT_OPTIMIZATION_LEVEL = "-Onone";
			};
			name = Debug;
		};
		FAEA14071A3F29D600772C70 /* Release */ = {
			isa = XCBuildConfiguration;
			buildSettings = {
				ALWAYS_SEARCH_USER_PATHS = NO;
				CLANG_CXX_LANGUAGE_STANDARD = "gnu++0x";
				CLANG_CXX_LIBRARY = "libc++";
				CLANG_ENABLE_MODULES = YES;
				CLANG_ENABLE_OBJC_ARC = YES;
				CLANG_WARN_BOOL_CONVERSION = YES;
				CLANG_WARN_CONSTANT_CONVERSION = YES;
				CLANG_WARN_DIRECT_OBJC_ISA_USAGE = YES_ERROR;
				CLANG_WARN_EMPTY_BODY = YES;
				CLANG_WARN_ENUM_CONVERSION = YES;
				CLANG_WARN_INT_CONVERSION = YES;
				CLANG_WARN_OBJC_ROOT_CLASS = YES_ERROR;
				CLANG_WARN_UNREACHABLE_CODE = YES;
				CLANG_WARN__DUPLICATE_METHOD_MATCH = YES;
				"CODE_SIGN_IDENTITY[sdk=iphoneos*]" = "iPhone Developer";
				COPY_PHASE_STRIP = YES;
				ENABLE_NS_ASSERTIONS = NO;
				ENABLE_STRICT_OBJC_MSGSEND = YES;
				GCC_C_LANGUAGE_STANDARD = gnu99;
				GCC_WARN_64_TO_32_BIT_CONVERSION = YES;
				GCC_WARN_ABOUT_RETURN_TYPE = YES_ERROR;
				GCC_WARN_UNDECLARED_SELECTOR = YES;
				GCC_WARN_UNINITIALIZED_AUTOS = YES_AGGRESSIVE;
				GCC_WARN_UNUSED_FUNCTION = YES;
				GCC_WARN_UNUSED_VARIABLE = YES;
				IPHONEOS_DEPLOYMENT_TARGET = 8.1;
				MTL_ENABLE_DEBUG_INFO = NO;
				SDKROOT = iphoneos;
				VALIDATE_PRODUCT = YES;
			};
			name = Release;
		};
		FAEA14091A3F29D600772C70 /* Debug */ = {
			isa = XCBuildConfiguration;
			buildSettings = {
				ASSETCATALOG_COMPILER_APPICON_NAME = AppIcon;
				INFOPLIST_FILE = Quiz/Info.plist;
				LD_RUNPATH_SEARCH_PATHS = "$(inherited) @executable_path/Frameworks";
				PRODUCT_NAME = "$(TARGET_NAME)";
			};
			name = Debug;
		};
		FAEA140A1A3F29D600772C70 /* Release */ = {
			isa = XCBuildConfiguration;
			buildSettings = {
				ASSETCATALOG_COMPILER_APPICON_NAME = AppIcon;
				INFOPLIST_FILE = Quiz/Info.plist;
				LD_RUNPATH_SEARCH_PATHS = "$(inherited) @executable_path/Frameworks";
				PRODUCT_NAME = "$(TARGET_NAME)";
			};
			name = Release;
		};
		FAEA140C1A3F29D600772C70 /* Debug */ = {
			isa = XCBuildConfiguration;
			buildSettings = {
				BUNDLE_LOADER = "$(TEST_HOST)";
				FRAMEWORK_SEARCH_PATHS = (
					"$(SDKROOT)/Developer/Library/Frameworks",
					"$(inherited)",
				);
				GCC_PREPROCESSOR_DEFINITIONS = (
					"DEBUG=1",
					"$(inherited)",
				);
				INFOPLIST_FILE = QuizTests/Info.plist;
				LD_RUNPATH_SEARCH_PATHS = "$(inherited) @executable_path/Frameworks @loader_path/Frameworks";
				PRODUCT_NAME = "$(TARGET_NAME)";
				TEST_HOST = "$(BUILT_PRODUCTS_DIR)/Quiz.app/Quiz";
			};
			name = Debug;
		};
		FAEA140D1A3F29D600772C70 /* Release */ = {
			isa = XCBuildConfiguration;
			buildSettings = {
				BUNDLE_LOADER = "$(TEST_HOST)";
				FRAMEWORK_SEARCH_PATHS = (
					"$(SDKROOT)/Developer/Library/Frameworks",
					"$(inherited)",
				);
				INFOPLIST_FILE = QuizTests/Info.plist;
				LD_RUNPATH_SEARCH_PATHS = "$(inherited) @executable_path/Frameworks @loader_path/Frameworks";
				PRODUCT_NAME = "$(TARGET_NAME)";
				TEST_HOST = "$(BUILT_PRODUCTS_DIR)/Quiz.app/Quiz";
			};
			name = Release;
		};
/* End XCBuildConfiguration section */

/* Begin XCConfigurationList section */
		FAEA13E41A3F29D600772C70 /* Build configuration list for PBXProject "Quiz" */ = {
			isa = XCConfigurationList;
			buildConfigurations = (
				FAEA14061A3F29D600772C70 /* Debug */,
				FAEA14071A3F29D600772C70 /* Release */,
			);
			defaultConfigurationIsVisible = 0;
			defaultConfigurationName = Release;
		};
		FAEA14081A3F29D600772C70 /* Build configuration list for PBXNativeTarget "Quiz" */ = {
			isa = XCConfigurationList;
			buildConfigurations = (
				FAEA14091A3F29D600772C70 /* Debug */,
				FAEA140A1A3F29D600772C70 /* Release */,
			);
			defaultConfigurationIsVisible = 0;
			defaultConfigurationName = Release;
		};
		FAEA140B1A3F29D600772C70 /* Build configuration list for PBXNativeTarget "QuizTests" */ = {
			isa = XCConfigurationList;
			buildConfigurations = (
				FAEA140C1A3F29D600772C70 /* Debug */,
				FAEA140D1A3F29D600772C70 /* Release */,
			);
			defaultConfigurationIsVisible = 0;
			defaultConfigurationName = Release;
		};
/* End XCConfigurationList section */
	};
	rootObject = FAEA13E11A3F29D600772C70 /* Project object */;
}
